
Microsoft Visual Studio Solution File, Format Version 12.00
# Visual Studio Express 2012 for Web
Project("{FAE04EC0-301F-11D3-BF4B-00C04F79EFBC}") = "16hr", "16hr\16hr.csproj", "{9C5EB149-1E26-4827-BAF5-9EA2BD4D2DAB}"
EndProject
Project("{FAE04EC0-301F-11D3-BF4B-00C04F79EFBC}") = "16hr.Tests", "16hr.Tests\16hr.Tests.csproj", "{68AB897C-70E3-4A80-9073-22FC713200CA}"
EndProject
Global
	GlobalSection(SolutionConfigurationPlatforms) = preSolution
		Debug|Any CPU = Debug|Any CPU
		Release|Any CPU = Release|Any CPU
	EndGlobalSection
	GlobalSection(ProjectConfigurationPlatforms) = postSolution
		{9C5EB149-1E26-4827-BAF5-9EA2BD4D2DAB}.Debug|Any CPU.ActiveCfg = Debug|Any CPU
		{9C5EB149-1E26-4827-BAF5-9EA2BD4D2DAB}.Debug|Any CPU.Build.0 = Debug|Any CPU
		{9C5EB149-1E26-4827-BAF5-9EA2BD4D2DAB}.Release|Any CPU.ActiveCfg = Release|Any CPU
		{9C5EB149-1E26-4827-BAF5-9EA2BD4D2DAB}.Release|Any CPU.Build.0 = Release|Any CPU
		{68AB897C-70E3-4A80-9073-22FC713200CA}.Debug|Any CPU.ActiveCfg = Debug|Any CPU
		{68AB897C-70E3-4A80-9073-22FC713200CA}.Debug|Any CPU.Build.0 = Debug|Any CPU
		{68AB897C-70E3-4A80-9073-22FC713200CA}.Release|Any CPU.ActiveCfg = Release|Any CPU
		{68AB897C-70E3-4A80-9073-22FC713200CA}.Release|Any CPU.Build.0 = Release|Any CPU
	EndGlobalSection
	GlobalSection(SolutionProperties) = preSolution
		HideSolutionNode = FALSE
	EndGlobalSection
EndGlobal
